
Microsoft Visual Studio Solution File, Format Version 12.00
# Visual Studio Version 16
VisualStudioVersion = 16.0.31005.135
MinimumVisualStudioVersion = 10.0.40219.1
Project("{FAE04EC0-301F-11D3-BF4B-00C04F79EFBC}") = "Task 2.2", "Task 2.2\Task 2.2.csproj", "{DF062940-74B0-4662-A836-53ABC6E705F4}"
EndProject
Global
	GlobalSection(SolutionConfigurationPlatforms) = preSolution
		Debug|Any CPU = Debug|Any CPU
		Release|Any CPU = Release|Any CPU
	EndGlobalSection
	GlobalSection(ProjectConfigurationPlatforms) = postSolution
		{DF062940-74B0-4662-A836-53ABC6E705F4}.Debug|Any CPU.ActiveCfg = Debug|Any CPU
		{DF062940-74B0-4662-A836-53ABC6E705F4}.Debug|Any CPU.Build.0 = Debug|Any CPU
		{DF062940-74B0-4662-A836-53ABC6E705F4}.Release|Any CPU.ActiveCfg = Release|Any CPU
		{DF062940-74B0-4662-A836-53ABC6E705F4}.Release|Any CPU.Build.0 = Release|Any CPU
	EndGlobalSection
	GlobalSection(SolutionProperties) = preSolution
		HideSolutionNode = FALSE
	EndGlobalSection
	GlobalSection(ExtensibilityGlobals) = postSolution
		SolutionGuid = {DE49E278-BC1A-4191-AB41-D26601FF2DBF}
	EndGlobalSection
EndGlobal
